// !$*UTF8*$!
{
	archiveVersion = 1;
	classes = {
	};
	objectVersion = 46;
	objects = {

/* Begin PBXBuildFile section */
		8457B51A1CB272F00086BEC5 /* main.m in Sources */ = {isa = PBXBuildFile; fileRef = 8457B5191CB272F00086BEC5 /* main.m */; };
		8457B51D1CB272F00086BEC5 /* AppDelegate.m in Sources */ = {isa = PBXBuildFile; fileRef = 8457B51C1CB272F00086BEC5 /* AppDelegate.m */; };
		8457B5231CB272F00086BEC5 /* Main.storyboard in Resources */ = {isa = PBXBuildFile; fileRef = 8457B5211CB272F00086BEC5 /* Main.storyboard */; };
		8457B5251CB272F00086BEC5 /* Images.xcassets in Resources */ = {isa = PBXBuildFile; fileRef = 8457B5241CB272F00086BEC5 /* Images.xcassets */; };
		8457B5281CB272F00086BEC5 /* LaunchScreen.xib in Resources */ = {isa = PBXBuildFile; fileRef = 8457B5261CB272F00086BEC5 /* LaunchScreen.xib */; };
		8457B5341CB272F00086BEC5 /* _1_______Tests.m in Sources */ = {isa = PBXBuildFile; fileRef = 8457B5331CB272F00086BEC5 /* _1_______Tests.m */; };
		8457B53F1CB273E50086BEC5 /* KKListTableViewController.m in Sources */ = {isa = PBXBuildFile; fileRef = 8457B53E1CB273E50086BEC5 /* KKListTableViewController.m */; };
/* End PBXBuildFile section */

/* Begin PBXContainerItemProxy section */
		8457B52E1CB272F00086BEC5 /* PBXContainerItemProxy */ = {
			isa = PBXContainerItemProxy;
			containerPortal = 8457B50C1CB272F00086BEC5 /* Project object */;
			proxyType = 1;
			remoteGlobalIDString = 8457B5131CB272F00086BEC5;
			remoteInfo = "01_转场动画初谈";
		};
/* End PBXContainerItemProxy section */

/* Begin PBXFileReference section */
		8457B5141CB272F00086BEC5 /* 01_转场动画初谈.app */ = {isa = PBXFileReference; explicitFileType = wrapper.application; includeInIndex = 0; path = "01_转场动画初谈.app"; sourceTree = BUILT_PRODUCTS_DIR; };
		8457B5181CB272F00086BEC5 /* Info.plist */ = {isa = PBXFileReference; lastKnownFileType = text.plist.xml; path = Info.plist; sourceTree = "<group>"; };
		8457B5191CB272F00086BEC5 /* main.m */ = {isa = PBXFileReference; lastKnownFileType = sourcecode.c.objc; path = main.m; sourceTree = "<group>"; };
		8457B51B1CB272F00086BEC5 /* AppDelegate.h */ = {isa = PBXFileReference; lastKnownFileType = sourcecode.c.h; path = AppDelegate.h; sourceTree = "<group>"; };
		8457B51C1CB272F00086BEC5 /* AppDelegate.m */ = {isa = PBXFileReference; lastKnownFileType = sourcecode.c.objc; path = AppDelegate.m; sourceTree = "<group>"; };
		8457B5221CB272F00086BEC5 /* Base */ = {isa = PBXFileReference; lastKnownFileType = file.storyboard; name = Base; path = Base.lproj/Main.storyboard; sourceTree = "<group>"; };
		8457B5241CB272F00086BEC5 /* Images.xcassets */ = {isa = PBXFileReference; lastKnownFileType = folder.assetcatalog; path = Images.xcassets; sourceTree = "<group>"; };
		8457B5271CB272F00086BEC5 /* Base */ = {isa = PBXFileReference; lastKnownFileType = file.xib; name = Base; path = Base.lproj/LaunchScreen.xib; sourceTree = "<group>"; };
		8457B52D1CB272F00086BEC5 /* 01_转场动画初谈Tests.xctest */ = {isa = PBXFileReference; explicitFileType = wrapper.cfbundle; includeInIndex = 0; path = "01_转场动画初谈Tests.xctest"; sourceTree = BUILT_PRODUCTS_DIR; };
		8457B5321CB272F00086BEC5 /* Info.plist */ = {isa = PBXFileReference; lastKnownFileType = text.plist.xml; path = Info.plist; sourceTree = "<group>"; };
		8457B5331CB272F00086BEC5 /* _1_______Tests.m */ = {isa = PBXFileReference; lastKnownFileType = sourcecode.c.objc; path = "_1_______Tests.m"; sourceTree = "<group>"; };
		8457B53D1CB273E50086BEC5 /* KKListTableViewController.h */ = {isa = PBXFileReference; fileEncoding = 4; lastKnownFileType = sourcecode.c.h; path = KKListTableViewController.h; sourceTree = "<group>"; };
		8457B53E1CB273E50086BEC5 /* KKListTableViewController.m */ = {isa = PBXFileReference; fileEncoding = 4; lastKnownFileType = sourcecode.c.objc; path = KKListTableViewController.m; sourceTree = "<group>"; };
/* End PBXFileReference section */

/* Begin PBXFrameworksBuildPhase section */
		8457B5111CB272F00086BEC5 /* Frameworks */ = {
			isa = PBXFrameworksBuildPhase;
			buildActionMask = 2147483647;
			files = (
			);
			runOnlyForDeploymentPostprocessing = 0;
		};
		8457B52A1CB272F00086BEC5 /* Frameworks */ = {
			isa = PBXFrameworksBuildPhase;
			buildActionMask = 2147483647;
			files = (
			);
			runOnlyForDeploymentPostprocessing = 0;
		};
/* End PBXFrameworksBuildPhase section */

/* Begin PBXGroup section */
		8457B50B1CB272F00086BEC5 = {
			isa = PBXGroup;
			children = (
				8457B5161CB272F00086BEC5 /* 01_转场动画初谈 */,
				8457B5301CB272F00086BEC5 /* 01_转场动画初谈Tests */,
				8457B5151CB272F00086BEC5 /* Products */,
			);
			sourceTree = "<group>";
		};
		8457B5151CB272F00086BEC5 /* Products */ = {
			isa = PBXGroup;
			children = (
				8457B5141CB272F00086BEC5 /* 01_转场动画初谈.app */,
				8457B52D1CB272F00086BEC5 /* 01_转场动画初谈Tests.xctest */,
			);
			name = Products;
			sourceTree = "<group>";
		};
		8457B5161CB272F00086BEC5 /* 01_转场动画初谈 */ = {
			isa = PBXGroup;
			children = (
				8457B53D1CB273E50086BEC5 /* KKListTableViewController.h */,
				8457B53E1CB273E50086BEC5 /* KKListTableViewController.m */,
				8457B51B1CB272F00086BEC5 /* AppDelegate.h */,
				8457B51C1CB272F00086BEC5 /* AppDelegate.m */,
				8457B5211CB272F00086BEC5 /* Main.storyboard */,
				8457B5241CB272F00086BEC5 /* Images.xcassets */,
				8457B5261CB272F00086BEC5 /* LaunchScreen.xib */,
				8457B5171CB272F00086BEC5 /* Supporting Files */,
			);
			path = "01_转场动画初谈";
			sourceTree = "<group>";
		};
		8457B5171CB272F00086BEC5 /* Supporting Files */ = {
			isa = PBXGroup;
			children = (
				8457B5181CB272F00086BEC5 /* Info.plist */,
				8457B5191CB272F00086BEC5 /* main.m */,
			);
			name = "Supporting Files";
			sourceTree = "<group>";
		};
		8457B5301CB272F00086BEC5 /* 01_转场动画初谈Tests */ = {
			isa = PBXGroup;
			children = (
				8457B5331CB272F00086BEC5 /* _1_______Tests.m */,
				8457B5311CB272F00086BEC5 /* Supporting Files */,
			);
			path = "01_转场动画初谈Tests";
			sourceTree = "<group>";
		};
		8457B5311CB272F00086BEC5 /* Supporting Files */ = {
			isa = PBXGroup;
			children = (
				8457B5321CB272F00086BEC5 /* Info.plist */,
			);
			name = "Supporting Files";
			sourceTree = "<group>";
		};
/* End PBXGroup section */

/* Begin PBXNativeTarget section */
		8457B5131CB272F00086BEC5 /* 01_转场动画初谈 */ = {
			isa = PBXNativeTarget;
			buildConfigurationList = 8457B5371CB272F00086BEC5 /* Build configuration list for PBXNativeTarget "01_转场动画初谈" */;
			buildPhases = (
				8457B5101CB272F00086BEC5 /* Sources */,
				8457B5111CB272F00086BEC5 /* Frameworks */,
				8457B5121CB272F00086BEC5 /* Resources */,
			);
			buildRules = (
			);
			dependencies = (
			);
			name = "01_转场动画初谈";
			productName = "01_转场动画初谈";
			productReference = 8457B5141CB272F00086BEC5 /* 01_转场动画初谈.app */;
			productType = "com.apple.product-type.application";
		};
		8457B52C1CB272F00086BEC5 /* 01_转场动画初谈Tests */ = {
			isa = PBXNativeTarget;
			buildConfigurationList = 8457B53A1CB272F00086BEC5 /* Build configuration list for PBXNativeTarget "01_转场动画初谈Tests" */;
			buildPhases = (
				8457B5291CB272F00086BEC5 /* Sources */,
				8457B52A1CB272F00086BEC5 /* Frameworks */,
				8457B52B1CB272F00086BEC5 /* Resources */,
			);
			buildRules = (
			);
			dependencies = (
				8457B52F1CB272F00086BEC5 /* PBXTargetDependency */,
			);
			name = "01_转场动画初谈Tests";
			productName = "01_转场动画初谈Tests";
			productReference = 8457B52D1CB272F00086BEC5 /* 01_转场动画初谈Tests.xctest */;
			productType = "com.apple.product-type.bundle.unit-test";
		};
/* End PBXNativeTarget section */

/* Begin PBXProject section */
		8457B50C1CB272F00086BEC5 /* Project object */ = {
			isa = PBXProject;
			attributes = {
				LastUpgradeCheck = 0610;
				ORGANIZATIONNAME = KK;
				TargetAttributes = {
					8457B5131CB272F00086BEC5 = {
						CreatedOnToolsVersion = 6.1.1;
					};
					8457B52C1CB272F00086BEC5 = {
						CreatedOnToolsVersion = 6.1.1;
						TestTargetID = 8457B5131CB272F00086BEC5;
					};
				};
			};
			buildConfigurationList = 8457B50F1CB272F00086BEC5 /* Build configuration list for PBXProject "01_转场动画初谈" */;
			compatibilityVersion = "Xcode 3.2";
			developmentRegion = English;
			hasScannedForEncodings = 0;
			knownRegions = (
				en,
				Base,
			);
			mainGroup = 8457B50B1CB272F00086BEC5;
			productRefGroup = 8457B5151CB272F00086BEC5 /* Products */;
			projectDirPath = "";
			projectRoot = "";
			targets = (
				8457B5131CB272F00086BEC5 /* 01_转场动画初谈 */,
				8457B52C1CB272F00086BEC5 /* 01_转场动画初谈Tests */,
			);
		};
/* End PBXProject section */

/* Begin PBXResourcesBuildPhase section */
		8457B5121CB272F00086BEC5 /* Resources */ = {
			isa = PBXResourcesBuildPhase;
			buildActionMask = 2147483647;
			files = (
				8457B5231CB272F00086BEC5 /* Main.storyboard in Resources */,
				8457B5281CB272F00086BEC5 /* LaunchScreen.xib in Resources */,
				8457B5251CB272F00086BEC5 /* Images.xcassets in Resources */,
			);
			runOnlyForDeploymentPostprocessing = 0;
		};
		8457B52B1CB272F00086BEC5 /* Resources */ = {
			isa = PBXResourcesBuildPhase;
			buildActionMask = 2147483647;
			files = (
			);
			runOnlyForDeploymentPostprocessing = 0;
		};
/* End PBXResourcesBuildPhase section */

/* Begin PBXSourcesBuildPhase section */
		8457B5101CB272F00086BEC5 /* Sources */ = {
			isa = PBXSourcesBuildPhase;
			buildActionMask = 2147483647;
			files = (
				8457B53F1CB273E50086BEC5 /* KKListTableViewController.m in Sources */,
				8457B51D1CB272F00086BEC5 /* AppDelegate.m in Sources */,
				8457B51A1CB272F00086BEC5 /* main.m in Sources */,
			);
			runOnlyForDeploymentPostprocessing = 0;
		};
		8457B5291CB272F00086BEC5 /* Sources */ = {
			isa = PBXSourcesBuildPhase;
			buildActionMask = 2147483647;
			files = (
				8457B5341CB272F00086BEC5 /* _1_______Tests.m in Sources */,
			);
			runOnlyForDeploymentPostprocessing = 0;
		};
/* End PBXSourcesBuildPhase section */

/* Begin PBXTargetDependency section */
		8457B52F1CB272F00086BEC5 /* PBXTargetDependency */ = {
			isa = PBXTargetDependency;
			target = 8457B5131CB272F00086BEC5 /* 01_转场动画初谈 */;
			targetProxy = 8457B52E1CB272F00086BEC5 /* PBXContainerItemProxy */;
		};
/* End PBXTargetDependency section */

/* Begin PBXVariantGroup section */
		8457B5211CB272F00086BEC5 /* Main.storyboard */ = {
			isa = PBXVariantGroup;
			children = (
				8457B5221CB272F00086BEC5 /* Base */,
			);
			name = Main.storyboard;
			sourceTree = "<group>";
		};
		8457B5261CB272F00086BEC5 /* LaunchScreen.xib */ = {
			isa = PBXVariantGroup;
			children = (
				8457B5271CB272F00086BEC5 /* Base */,
			);
			name = LaunchScreen.xib;
			sourceTree = "<group>";
		};
/* End PBXVariantGroup section */

/* Begin XCBuildConfiguration section */
		8457B5351CB272F00086BEC5 /* Debug */ = {
			isa = XCBuildConfiguration;
			buildSettings = {
				ALWAYS_SEARCH_USER_PATHS = NO;
				CLANG_CXX_LANGUAGE_STANDARD = "gnu++0x";
				CLANG_CXX_LIBRARY = "libc++";
				CLANG_ENABLE_MODULES = YES;
				CLANG_ENABLE_OBJC_ARC = YES;
				CLANG_WARN_BOOL_CONVERSION = YES;
				CLANG_WARN_CONSTANT_CONVERSION = YES;
				CLANG_WARN_DIRECT_OBJC_ISA_USAGE = YES_ERROR;
				CLANG_WARN_EMPTY_BODY = YES;
				CLANG_WARN_ENUM_CONVERSION = YES;
				CLANG_WARN_INT_CONVERSION = YES;
				CLANG_WARN_OBJC_ROOT_CLASS = YES_ERROR;
				CLANG_WARN_UNREACHABLE_CODE = YES;
				CLANG_WARN__DUPLICATE_METHOD_MATCH = YES;
				"CODE_SIGN_IDENTITY[sdk=iphoneos*]" = "iPhone Developer";
				COPY_PHASE_STRIP = NO;
				ENABLE_STRICT_OBJC_MSGSEND = YES;
				GCC_C_LANGUAGE_STANDARD = gnu99;
				GCC_DYNAMIC_NO_PIC = NO;
				GCC_OPTIMIZATION_LEVEL = 0;
				GCC_PREPROCESSOR_DEFINITIONS = (
					"DEBUG=1",
					"$(inherited)",
				);
				GCC_SYMBOLS_PRIVATE_EXTERN = NO;
				GCC_WARN_64_TO_32_BIT_CONVERSION = YES;
				GCC_WARN_ABOUT_RETURN_TYPE = YES_ERROR;
				GCC_WARN_UNDECLARED_SELECTOR = YES;
				GCC_WARN_UNINITIALIZED_AUTOS = YES_AGGRESSIVE;
				GCC_WARN_UNUSED_FUNCTION = YES;
				GCC_WARN_UNUSED_VARIABLE = YES;
				IPHONEOS_DEPLOYMENT_TARGET = 8.1;
				MTL_ENABLE_DEBUG_INFO = YES;
				ONLY_ACTIVE_ARCH = YES;
				SDKROOT = iphoneos;
			};
			name = Debug;
		};
		8457B5361CB272F00086BEC5 /* Release */ = {
			isa = XCBuildConfiguration;
			buildSettings = {
				ALWAYS_SEARCH_USER_PATHS = NO;
				CLANG_CXX_LANGUAGE_STANDARD = "gnu++0x";
				CLANG_CXX_LIBRARY = "libc++";
				CLANG_ENABLE_MODULES = YES;
				CLANG_ENABLE_OBJC_ARC = YES;
				CLANG_WARN_BOOL_CONVERSION = YES;
				CLANG_WARN_CONSTANT_CONVERSION = YES;
				CLANG_WARN_DIRECT_OBJC_ISA_USAGE = YES_ERROR;
				CLANG_WARN_EMPTY_BODY = YES;
				CLANG_WARN_ENUM_CONVERSION = YES;
				CLANG_WARN_INT_CONVERSION = YES;
				CLANG_WARN_OBJC_ROOT_CLASS = YES_ERROR;
				CLANG_WARN_UNREACHABLE_CODE = YES;
				CLANG_WARN__DUPLICATE_METHOD_MATCH = YES;
				"CODE_SIGN_IDENTITY[sdk=iphoneos*]" = "iPhone Developer";
				COPY_PHASE_STRIP = YES;
				ENABLE_NS_ASSERTIONS = NO;
				ENABLE_STRICT_OBJC_MSGSEND = YES;
				GCC_C_LANGUAGE_STANDARD = gnu99;
				GCC_WARN_64_TO_32_BIT_CONVERSION = YES;
				GCC_WARN_ABOUT_RETURN_TYPE = YES_ERROR;
				GCC_WARN_UNDECLARED_SELECTOR = YES;
				GCC_WARN_UNINITIALIZED_AUTOS = YES_AGGRESSIVE;
				GCC_WARN_UNUSED_FUNCTION = YES;
				GCC_WARN_UNUSED_VARIABLE = YES;
				IPHONEOS_DEPLOYMENT_TARGET = 8.1;
				MTL_ENABLE_DEBUG_INFO = NO;
				SDKROOT = iphoneos;
				VALIDATE_PRODUCT = YES;
			};
			name = Release;
		};
		8457B5381CB272F00086BEC5 /* Debug */ = {
			isa = XCBuildConfiguration;
			buildSettings = {
				ASSETCATALOG_COMPILER_APPICON_NAME = AppIcon;
				INFOPLIST_FILE = "01_转场动画初谈/Info.plist";
				LD_RUNPATH_SEARCH_PATHS = "$(inherited) @executable_path/Frameworks";
				PRODUCT_NAME = "$(TARGET_NAME)";
			};
			name = Debug;
		};
		8457B5391CB272F00086BEC5 /* Release */ = {
			isa = XCBuildConfiguration;
			buildSettings = {
				ASSETCATALOG_COMPILER_APPICON_NAME = AppIcon;
				INFOPLIST_FILE = "01_转场动画初谈/Info.plist";
				LD_RUNPATH_SEARCH_PATHS = "$(inherited) @executable_path/Frameworks";
				PRODUCT_NAME = "$(TARGET_NAME)";
			};
			name = Release;
		};
		8457B53B1CB272F00086BEC5 /* Debug */ = {
			isa = XCBuildConfiguration;
			buildSettings = {
				BUNDLE_LOADER = "$(TEST_HOST)";
				FRAMEWORK_SEARCH_PATHS = (
					"$(SDKROOT)/Developer/Library/Frameworks",
					"$(inherited)",
				);
				GCC_PREPROCESSOR_DEFINITIONS = (
					"DEBUG=1",
					"$(inherited)",
				);
				INFOPLIST_FILE = "01_转场动画初谈Tests/Info.plist";
				LD_RUNPATH_SEARCH_PATHS = "$(inherited) @executable_path/Frameworks @loader_path/Frameworks";
				PRODUCT_NAME = "$(TARGET_NAME)";
				TEST_HOST = "$(BUILT_PRODUCTS_DIR)/01_转场动画初谈.app/01_转场动画初谈";
			};
			name = Debug;
		};
		8457B53C1CB272F00086BEC5 /* Release */ = {
			isa = XCBuildConfiguration;
			buildSettings = {
				BUNDLE_LOADER = "$(TEST_HOST)";
				FRAMEWORK_SEARCH_PATHS = (
					"$(SDKROOT)/Developer/Library/Frameworks",
					"$(inherited)",
				);
				INFOPLIST_FILE = "01_转场动画初谈Tests/Info.plist";
				LD_RUNPATH_SEARCH_PATHS = "$(inherited) @executable_path/Frameworks @loader_path/Frameworks";
				PRODUCT_NAME = "$(TARGET_NAME)";
				TEST_HOST = "$(BUILT_PRODUCTS_DIR)/01_转场动画初谈.app/01_转场动画初谈";
			};
			name = Release;
		};
/* End XCBuildConfiguration section */

/* Begin XCConfigurationList section */
		8457B50F1CB272F00086BEC5 /* Build configuration list for PBXProject "01_转场动画初谈" */ = {
			isa = XCConfigurationList;
			buildConfigurations = (
				8457B5351CB272F00086BEC5 /* Debug */,
				8457B5361CB272F00086BEC5 /* Release */,
			);
			defaultConfigurationIsVisible = 0;
			defaultConfigurationName = Release;
		};
		8457B5371CB272F00086BEC5 /* Build configuration list for PBXNativeTarget "01_转场动画初谈" */ = {
			isa = XCConfigurationList;
			buildConfigurations = (
				8457B5381CB272F00086BEC5 /* Debug */,
				8457B5391CB272F00086BEC5 /* Release */,
			);
			defaultConfigurationIsVisible = 0;
		};
		8457B53A1CB272F00086BEC5 /* Build configuration list for PBXNativeTarget "01_转场动画初谈Tests" */ = {
			isa = XCConfigurationList;
			buildConfigurations = (
				8457B53B1CB272F00086BEC5 /* Debug */,
				8457B53C1CB272F00086BEC5 /* Release */,
			);
			defaultConfigurationIsVisible = 0;
		};
/* End XCConfigurationList section */
	};
	rootObject = 8457B50C1CB272F00086BEC5 /* Project object */;
}
